
Microsoft Visual Studio Solution File, Format Version 12.00
# Visual Studio 15
VisualStudioVersion = 15.0.28010.2016
MinimumVisualStudioVersion = 10.0.40219.1
Project("{FAE04EC0-301F-11D3-BF4B-00C04F79EFBC}") = "WebApp", "WebApp\WebApp.csproj", "{06124692-8E19-4610-B5C8-69FD559FFD9D}"
EndProject
Global
	GlobalSection(SolutionConfigurationPlatforms) = preSolution
		Debug|Any CPU = Debug|Any CPU
		Release|Any CPU = Release|Any CPU
	EndGlobalSection
	GlobalSection(ProjectConfigurationPlatforms) = postSolution
		{06124692-8E19-4610-B5C8-69FD559FFD9D}.Debug|Any CPU.ActiveCfg = Debug|Any CPU
		{06124692-8E19-4610-B5C8-69FD559FFD9D}.Debug|Any CPU.Build.0 = Debug|Any CPU
		{06124692-8E19-4610-B5C8-69FD559FFD9D}.Release|Any CPU.ActiveCfg = Release|Any CPU
		{06124692-8E19-4610-B5C8-69FD559FFD9D}.Release|Any CPU.Build.0 = Release|Any CPU
	EndGlobalSection
	GlobalSection(SolutionProperties) = preSolution
		HideSolutionNode = FALSE
	EndGlobalSection
	GlobalSection(ExtensibilityGlobals) = postSolution
		SolutionGuid = {F532A524-32A2-415C-A6F1-4968F22711FE}
	EndGlobalSection
EndGlobal
